
Microsoft Visual Studio Solution File, Format Version 12.00
# Visual Studio Version 17
VisualStudioVersion = 17.9.34728.123
MinimumVisualStudioVersion = 10.0.40219.1
Project("{8BC9CEB8-8B4A-11D0-8D11-00A0C91BC942}") = "simple snake", "simple snake\simple snake.vcxproj", "{CD1FA9FC-6400-4351-BC63-C02B26B6E378}"
EndProject
Global
	GlobalSection(SolutionConfigurationPlatforms) = preSolution
		Debug|x64 = Debug|x64
		Debug|x86 = Debug|x86
		Release|x64 = Release|x64
		Release|x86 = Release|x86
	EndGlobalSection
	GlobalSection(ProjectConfigurationPlatforms) = postSolution
		{CD1FA9FC-6400-4351-BC63-C02B26B6E378}.Debug|x64.ActiveCfg = Debug|x64
		{CD1FA9FC-6400-4351-BC63-C02B26B6E378}.Debug|x64.Build.0 = Debug|x64
		{CD1FA9FC-6400-4351-BC63-C02B26B6E378}.Debug|x86.ActiveCfg = Debug|Win32
		{CD1FA9FC-6400-4351-BC63-C02B26B6E378}.Debug|x86.Build.0 = Debug|Win32
		{CD1FA9FC-6400-4351-BC63-C02B26B6E378}.Release|x64.ActiveCfg = Release|x64
		{CD1FA9FC-6400-4351-BC63-C02B26B6E378}.Release|x64.Build.0 = Release|x64
		{CD1FA9FC-6400-4351-BC63-C02B26B6E378}.Release|x86.ActiveCfg = Release|Win32
		{CD1FA9FC-6400-4351-BC63-C02B26B6E378}.Release|x86.Build.0 = Release|Win32
	EndGlobalSection
	GlobalSection(SolutionProperties) = preSolution
		HideSolutionNode = FALSE
	EndGlobalSection
	GlobalSection(ExtensibilityGlobals) = postSolution
		SolutionGuid = {BA54D720-AD80-4924-8473-ABF8C10DB321}
	EndGlobalSection
EndGlobal
